#MicroXplorer Configuration settings - do not modify
File.Version=6
KeepUserPlacement=false
Mcu.Family=STM32F0
Mcu.IP0=NVIC
Mcu.IP1=RCC
Mcu.IP2=SYS
Mcu.IP3=TIM1
Mcu.IP4=TIM3
Mcu.IP5=TIM14
Mcu.IP6=TIM17
Mcu.IP7=USART1
Mcu.IPNb=8
Mcu.Name=STM32F030F4Px
Mcu.Package=TSSOP20
Mcu.Pin0=PA0
Mcu.Pin1=PA1
Mcu.Pin10=PA10
Mcu.Pin11=PA13
Mcu.Pin12=PA14
Mcu.Pin13=VP_SYS_VS_Systick
Mcu.Pin14=VP_TIM14_VS_ClockSourceINT
Mcu.Pin15=VP_TIM17_VS_ClockSourceINT
Mcu.Pin2=PA2
Mcu.Pin3=PA3
Mcu.Pin4=PA4
Mcu.Pin5=PA5
Mcu.Pin6=PA6
Mcu.Pin7=PA7
Mcu.Pin8=PB1
Mcu.Pin9=PA9
Mcu.PinsNb=16
Mcu.UserConstants=
Mcu.UserName=STM32F030F4Px
MxCube.Version=4.18.0
MxDb.Version=DB.4.0.180
NVIC.HardFault_IRQn=true\:0\:0\:false\:false\:true
NVIC.NonMaskableInt_IRQn=true\:0\:0\:false\:false\:true
NVIC.PendSV_IRQn=true\:0\:0\:false\:false\:true
NVIC.SVC_IRQn=true\:0\:0\:false\:false\:true
NVIC.SysTick_IRQn=true\:0\:0\:false\:false\:true
NVIC.TIM14_IRQn=true\:0\:0\:false\:false\:true
NVIC.TIM17_IRQn=true\:0\:0\:false\:false\:true
NVIC.USART1_IRQn=true\:0\:0\:false\:false\:true
PA0.Locked=true
PA0.Signal=GPIO_Output
PA1.Locked=true
PA1.Signal=GPIO_Output
PA10.Locked=true
PA10.Signal=GPIO_Input
PA13.Mode=Serial_Wire
PA13.Signal=SYS_SWDIO
PA14.Mode=Serial_Wire
PA14.Signal=SYS_SWCLK
PA2.Mode=Half_duplex(single_wire_mode)
PA2.Signal=USART1_TX
PA3.Locked=true
PA3.Signal=GPIO_Input
PA4.Signal=S_TIM14_CH1
PA5.Locked=true
PA5.Signal=GPIO_Input
PA6.Signal=S_TIM3_CH1
PA7.Signal=S_TIM3_CH2
PA9.Signal=S_TIM1_CH2
PB1.Signal=S_TIM3_CH4
PCC.Checker=false
PCC.Line=STM32F0x0 Value Line
PCC.MCU=STM32F030F4Px
PCC.MXVersion=4.18.0
PCC.PartNumber=STM32F030F4Px
PCC.Seq0=0
PCC.Series=STM32F0
PCC.Temperature=25
PCC.Vdd=3.6
RCC.AHBFreq_Value=8000000
RCC.APB1Freq_Value=8000000
RCC.APB1TimFreq_Value=8000000
RCC.FCLKCortexFreq_Value=8000000
RCC.FamilyName=M
RCC.HCLKFreq_Value=8000000
RCC.IPParameters=AHBFreq_Value,APB1Freq_Value,APB1TimFreq_Value,FCLKCortexFreq_Value,FamilyName,HCLKFreq_Value,PLLCLKFreq_Value,SYSCLKFreq_VALUE,TimSysFreq_Value,USART1Freq_Value,Usart1ClockSelection
RCC.PLLCLKFreq_Value=8000000
RCC.SYSCLKFreq_VALUE=8000000
RCC.TimSysFreq_Value=8000000
RCC.USART1Freq_Value=8000000
RCC.Usart1ClockSelection=RCC_USART1CLKSOURCE_HSI
SH.S_TIM14_CH1.0=TIM14_CH1,Input_Capture1_from_TI1
SH.S_TIM14_CH1.ConfNb=1
SH.S_TIM1_CH2.0=TIM1_CH2,PWM Generation2 CH2
SH.S_TIM1_CH2.ConfNb=1
SH.S_TIM3_CH1.0=TIM3_CH1,PWM Generation1 CH1
SH.S_TIM3_CH1.ConfNb=1
SH.S_TIM3_CH2.0=TIM3_CH2,PWM Generation2 CH2
SH.S_TIM3_CH2.ConfNb=1
SH.S_TIM3_CH4.0=TIM3_CH4,PWM Generation4 CH4
SH.S_TIM3_CH4.ConfNb=1
TIM1.Channel-PWM\ Generation2\ CH2=TIM_CHANNEL_2
TIM1.IPParameters=Channel-PWM Generation2 CH2,Pulse-PWM Generation2 CH2,Period,Prescaler
TIM1.Period=2
TIM1.Prescaler=71
TIM1.Pulse-PWM\ Generation2\ CH2=1
TIM14.ICPolarity_CH1=TIM_INPUTCHANNELPOLARITY_RISING
TIM14.IPParameters=ICPolarity_CH1,Prescaler
TIM14.Prescaler=1220
TIM17.IPParameters=Prescaler
TIM17.Prescaler=1220
TIM3.Channel-PWM\ Generation2\ CH2=TIM_CHANNEL_2
TIM3.Channel-PWM\ Generation4\ CH4=TIM_CHANNEL_4
TIM3.IPParameters=Channel-PWM Generation2 CH2,Channel-PWM Generation4 CH4,Period,Pulse-PWM Generation1 CH1,Pulse-PWM Generation2 CH2,Pulse-PWM Generation4 CH4
TIM3.Period=128
TIM3.Pulse-PWM\ Generation1\ CH1=64
TIM3.Pulse-PWM\ Generation2\ CH2=64
TIM3.Pulse-PWM\ Generation4\ CH4=64
VP_SYS_VS_Systick.Mode=SysTick
VP_SYS_VS_Systick.Signal=SYS_VS_Systick
VP_TIM14_VS_ClockSourceINT.Mode=Enable_Timer
VP_TIM14_VS_ClockSourceINT.Signal=TIM14_VS_ClockSourceINT
VP_TIM17_VS_ClockSourceINT.Mode=Enable_Timer
VP_TIM17_VS_ClockSourceINT.Signal=TIM17_VS_ClockSourceINT
